
Microsoft Visual Studio Solution File, Format Version 12.00
Project("{FAE04EC0-301F-11D3-BF4B-00C04F79EFBC}") = "MagicalKitties.Api", "MagicalKitties.Api\MagicalKitties.Api.csproj", "{96CAE1FB-5368-48A9-B611-BB7C24789810}"
EndProject
Project("{FAE04EC0-301F-11D3-BF4B-00C04F79EFBC}") = "MagicalKitties.Application", "MagicalKitties.Application\MagicalKitties.Application.csproj", "{2988D9A1-B6AB-494F-906A-831CD14F2EB8}"
EndProject
Project("{FAE04EC0-301F-11D3-BF4B-00C04F79EFBC}") = "MagicalKitties.Contracts", "MagicalKitties.Contracts\MagicalKitties.Contracts.csproj", "{B451EE4E-5868-4EDB-906B-726CB6180CF9}"
EndProject
Project("{2150E333-8FDC-42A3-9474-1A3956D46DE8}") = "Site Code", "Site Code", "{4D3DD675-CE00-4A27-9065-5CE1FC63F24A}"
EndProject
Project("{2150E333-8FDC-42A3-9474-1A3956D46DE8}") = "Tests", "Tests", "{F141852C-7F4E-401B-8DD2-7E9DA0E413E4}"
EndProject
Project("{FAE04EC0-301F-11D3-BF4B-00C04F79EFBC}") = "MagicalKitties.API.Tests.Unit", "Tests\MagicalKitties.API.Tests.Unit\MagicalKitties.API.Tests.Unit.csproj", "{9CF41C6A-9421-44F4-8018-69FDAC0DCD3F}"
EndProject
Project("{FAE04EC0-301F-11D3-BF4B-00C04F79EFBC}") = "MagicalKitties.Application.Tests.Unit", "Tests\MagicalKitties.Application.Tests.Unit\MagicalKitties.Application.Tests.Unit.csproj", "{B37AA480-2FAC-4775-9695-0AA93803170E}"
EndProject
Project("{2150E333-8FDC-42A3-9474-1A3956D46DE8}") = "API", "API", "{26F6D4B7-13F2-4C96-9559-0F58489CE877}"
EndProject
Project("{2150E333-8FDC-42A3-9474-1A3956D46DE8}") = "Application", "Application", "{7ECD6B23-0220-43F5-BA3E-C0E7BA062EED}"
EndProject
Project("{FAE04EC0-301F-11D3-BF4B-00C04F79EFBC}") = "Testing.Common", "Tests\Testing.Common\Testing.Common.csproj", "{6B36C85A-213B-4587-BDB4-E654EF62A0B5}"
EndProject
Project("{FAE04EC0-301F-11D3-BF4B-00C04F79EFBC}") = "MagicalKitties.Application.Tests.Integration", "Tests\MagicalKitties.Application.Tests.Integration\MagicalKitties.Application.Tests.Integration.csproj", "{DCA3D11D-28A9-4422-A552-C9374E8B0B5C}"
EndProject
Project("{2150E333-8FDC-42A3-9474-1A3956D46DE8}") = "ETE", "ETE", "{A24AC49A-7FED-439E-9A7E-E10AED810344}"
EndProject
Project("{FAE04EC0-301F-11D3-BF4B-00C04F79EFBC}") = "MagicalKitties.ETE.Tests", "Tests\MagicalKitties.ETE.Tests\MagicalKitties.ETE.Tests.csproj", "{82116095-AC44-405A-9CDD-08ED78C52CC8}"
EndProject
Global
	GlobalSection(SolutionConfigurationPlatforms) = preSolution
		Debug|Any CPU = Debug|Any CPU
		Release|Any CPU = Release|Any CPU
	EndGlobalSection
	GlobalSection(ProjectConfigurationPlatforms) = postSolution
		{96CAE1FB-5368-48A9-B611-BB7C24789810}.Debug|Any CPU.ActiveCfg = Debug|Any CPU
		{96CAE1FB-5368-48A9-B611-BB7C24789810}.Debug|Any CPU.Build.0 = Debug|Any CPU
		{96CAE1FB-5368-48A9-B611-BB7C24789810}.Release|Any CPU.ActiveCfg = Release|Any CPU
		{96CAE1FB-5368-48A9-B611-BB7C24789810}.Release|Any CPU.Build.0 = Release|Any CPU
		{2988D9A1-B6AB-494F-906A-831CD14F2EB8}.Debug|Any CPU.ActiveCfg = Debug|Any CPU
		{2988D9A1-B6AB-494F-906A-831CD14F2EB8}.Debug|Any CPU.Build.0 = Debug|Any CPU
		{2988D9A1-B6AB-494F-906A-831CD14F2EB8}.Release|Any CPU.ActiveCfg = Release|Any CPU
		{2988D9A1-B6AB-494F-906A-831CD14F2EB8}.Release|Any CPU.Build.0 = Release|Any CPU
		{B451EE4E-5868-4EDB-906B-726CB6180CF9}.Debug|Any CPU.ActiveCfg = Debug|Any CPU
		{B451EE4E-5868-4EDB-906B-726CB6180CF9}.Debug|Any CPU.Build.0 = Debug|Any CPU
		{B451EE4E-5868-4EDB-906B-726CB6180CF9}.Release|Any CPU.ActiveCfg = Release|Any CPU
		{B451EE4E-5868-4EDB-906B-726CB6180CF9}.Release|Any CPU.Build.0 = Release|Any CPU
		{9CF41C6A-9421-44F4-8018-69FDAC0DCD3F}.Debug|Any CPU.ActiveCfg = Debug|Any CPU
		{9CF41C6A-9421-44F4-8018-69FDAC0DCD3F}.Debug|Any CPU.Build.0 = Debug|Any CPU
		{9CF41C6A-9421-44F4-8018-69FDAC0DCD3F}.Release|Any CPU.ActiveCfg = Release|Any CPU
		{9CF41C6A-9421-44F4-8018-69FDAC0DCD3F}.Release|Any CPU.Build.0 = Release|Any CPU
		{B37AA480-2FAC-4775-9695-0AA93803170E}.Debug|Any CPU.ActiveCfg = Debug|Any CPU
		{B37AA480-2FAC-4775-9695-0AA93803170E}.Debug|Any CPU.Build.0 = Debug|Any CPU
		{B37AA480-2FAC-4775-9695-0AA93803170E}.Release|Any CPU.ActiveCfg = Release|Any CPU
		{B37AA480-2FAC-4775-9695-0AA93803170E}.Release|Any CPU.Build.0 = Release|Any CPU
		{6B36C85A-213B-4587-BDB4-E654EF62A0B5}.Debug|Any CPU.ActiveCfg = Debug|Any CPU
		{6B36C85A-213B-4587-BDB4-E654EF62A0B5}.Debug|Any CPU.Build.0 = Debug|Any CPU
		{6B36C85A-213B-4587-BDB4-E654EF62A0B5}.Release|Any CPU.ActiveCfg = Release|Any CPU
		{6B36C85A-213B-4587-BDB4-E654EF62A0B5}.Release|Any CPU.Build.0 = Release|Any CPU
		{DCA3D11D-28A9-4422-A552-C9374E8B0B5C}.Debug|Any CPU.ActiveCfg = Debug|Any CPU
		{DCA3D11D-28A9-4422-A552-C9374E8B0B5C}.Debug|Any CPU.Build.0 = Debug|Any CPU
		{DCA3D11D-28A9-4422-A552-C9374E8B0B5C}.Release|Any CPU.ActiveCfg = Release|Any CPU
		{DCA3D11D-28A9-4422-A552-C9374E8B0B5C}.Release|Any CPU.Build.0 = Release|Any CPU
		{82116095-AC44-405A-9CDD-08ED78C52CC8}.Debug|Any CPU.ActiveCfg = Debug|Any CPU
		{82116095-AC44-405A-9CDD-08ED78C52CC8}.Debug|Any CPU.Build.0 = Debug|Any CPU
		{82116095-AC44-405A-9CDD-08ED78C52CC8}.Release|Any CPU.ActiveCfg = Release|Any CPU
		{82116095-AC44-405A-9CDD-08ED78C52CC8}.Release|Any CPU.Build.0 = Release|Any CPU
	EndGlobalSection
	GlobalSection(NestedProjects) = preSolution
		{96CAE1FB-5368-48A9-B611-BB7C24789810} = {4D3DD675-CE00-4A27-9065-5CE1FC63F24A}
		{2988D9A1-B6AB-494F-906A-831CD14F2EB8} = {4D3DD675-CE00-4A27-9065-5CE1FC63F24A}
		{B451EE4E-5868-4EDB-906B-726CB6180CF9} = {4D3DD675-CE00-4A27-9065-5CE1FC63F24A}
		{26F6D4B7-13F2-4C96-9559-0F58489CE877} = {F141852C-7F4E-401B-8DD2-7E9DA0E413E4}
		{9CF41C6A-9421-44F4-8018-69FDAC0DCD3F} = {26F6D4B7-13F2-4C96-9559-0F58489CE877}
		{7ECD6B23-0220-43F5-BA3E-C0E7BA062EED} = {F141852C-7F4E-401B-8DD2-7E9DA0E413E4}
		{B37AA480-2FAC-4775-9695-0AA93803170E} = {7ECD6B23-0220-43F5-BA3E-C0E7BA062EED}
		{6B36C85A-213B-4587-BDB4-E654EF62A0B5} = {F141852C-7F4E-401B-8DD2-7E9DA0E413E4}
		{DCA3D11D-28A9-4422-A552-C9374E8B0B5C} = {7ECD6B23-0220-43F5-BA3E-C0E7BA062EED}
		{A24AC49A-7FED-439E-9A7E-E10AED810344} = {F141852C-7F4E-401B-8DD2-7E9DA0E413E4}
		{82116095-AC44-405A-9CDD-08ED78C52CC8} = {A24AC49A-7FED-439E-9A7E-E10AED810344}
	EndGlobalSection
EndGlobal
